
Microsoft Visual Studio Solution File, Format Version 12.00
# Visual Studio Version 16
VisualStudioVersion = 16.0.29230.47
MinimumVisualStudioVersion = 10.0.40219.1
Project("{FAE04EC0-301F-11D3-BF4B-00C04F79EFBC}") = "tfeller1730ex1b", "tfeller1730ex1b\tfeller1730ex1b.csproj", "{68B3A91F-1D54-41C0-A8E0-244A77F870B5}"
EndProject
Project("{FAE04EC0-301F-11D3-BF4B-00C04F79EFBC}") = "tfeller1730ex1c", "tfeller1730ex1c\tfeller1730ex1c.csproj", "{67D2ECAF-E33A-4D88-9EA8-9C24C9D32745}"
EndProject
Project("{FAE04EC0-301F-11D3-BF4B-00C04F79EFBC}") = "tfeller1730ex1e", "tfeller1730ex1e\tfeller1730ex1e.csproj", "{070AEB60-4055-406E-888D-2E100868294A}"
EndProject
Project("{FAE04EC0-301F-11D3-BF4B-00C04F79EFBC}") = "tfeller1730ex1d", "tfeller1730ex1d\tfeller1730ex1d.csproj", "{873F6261-E6B5-4DEA-A2A2-EE7E1C4B0AB2}"
EndProject
Project("{FAE04EC0-301F-11D3-BF4B-00C04F79EFBC}") = "tfeller1730ex1f", "tfeller1730ex1f\tfeller1730ex1f.csproj", "{B661C55C-6FEB-4DB9-804B-3283CC6A51D5}"
EndProject
Project("{FAE04EC0-301F-11D3-BF4B-00C04F79EFBC}") = "tfeller1730ex1g", "tfeller1730ex1g\tfeller1730ex1g.csproj", "{B0B15D79-A3EB-4E90-8C6E-6385B4219C0D}"
EndProject
Global
	GlobalSection(SolutionConfigurationPlatforms) = preSolution
		Debug|Any CPU = Debug|Any CPU
		Release|Any CPU = Release|Any CPU
	EndGlobalSection
	GlobalSection(ProjectConfigurationPlatforms) = postSolution
		{68B3A91F-1D54-41C0-A8E0-244A77F870B5}.Debug|Any CPU.ActiveCfg = Debug|Any CPU
		{68B3A91F-1D54-41C0-A8E0-244A77F870B5}.Debug|Any CPU.Build.0 = Debug|Any CPU
		{68B3A91F-1D54-41C0-A8E0-244A77F870B5}.Release|Any CPU.ActiveCfg = Release|Any CPU
		{68B3A91F-1D54-41C0-A8E0-244A77F870B5}.Release|Any CPU.Build.0 = Release|Any CPU
		{67D2ECAF-E33A-4D88-9EA8-9C24C9D32745}.Debug|Any CPU.ActiveCfg = Debug|Any CPU
		{67D2ECAF-E33A-4D88-9EA8-9C24C9D32745}.Debug|Any CPU.Build.0 = Debug|Any CPU
		{67D2ECAF-E33A-4D88-9EA8-9C24C9D32745}.Release|Any CPU.ActiveCfg = Release|Any CPU
		{67D2ECAF-E33A-4D88-9EA8-9C24C9D32745}.Release|Any CPU.Build.0 = Release|Any CPU
		{070AEB60-4055-406E-888D-2E100868294A}.Debug|Any CPU.ActiveCfg = Debug|Any CPU
		{070AEB60-4055-406E-888D-2E100868294A}.Debug|Any CPU.Build.0 = Debug|Any CPU
		{070AEB60-4055-406E-888D-2E100868294A}.Release|Any CPU.ActiveCfg = Release|Any CPU
		{070AEB60-4055-406E-888D-2E100868294A}.Release|Any CPU.Build.0 = Release|Any CPU
		{873F6261-E6B5-4DEA-A2A2-EE7E1C4B0AB2}.Debug|Any CPU.ActiveCfg = Debug|Any CPU
		{873F6261-E6B5-4DEA-A2A2-EE7E1C4B0AB2}.Debug|Any CPU.Build.0 = Debug|Any CPU
		{873F6261-E6B5-4DEA-A2A2-EE7E1C4B0AB2}.Release|Any CPU.ActiveCfg = Release|Any CPU
		{873F6261-E6B5-4DEA-A2A2-EE7E1C4B0AB2}.Release|Any CPU.Build.0 = Release|Any CPU
		{B661C55C-6FEB-4DB9-804B-3283CC6A51D5}.Debug|Any CPU.ActiveCfg = Debug|Any CPU
		{B661C55C-6FEB-4DB9-804B-3283CC6A51D5}.Debug|Any CPU.Build.0 = Debug|Any CPU
		{B661C55C-6FEB-4DB9-804B-3283CC6A51D5}.Release|Any CPU.ActiveCfg = Release|Any CPU
		{B661C55C-6FEB-4DB9-804B-3283CC6A51D5}.Release|Any CPU.Build.0 = Release|Any CPU
		{B0B15D79-A3EB-4E90-8C6E-6385B4219C0D}.Debug|Any CPU.ActiveCfg = Debug|Any CPU
		{B0B15D79-A3EB-4E90-8C6E-6385B4219C0D}.Debug|Any CPU.Build.0 = Debug|Any CPU
		{B0B15D79-A3EB-4E90-8C6E-6385B4219C0D}.Release|Any CPU.ActiveCfg = Release|Any CPU
		{B0B15D79-A3EB-4E90-8C6E-6385B4219C0D}.Release|Any CPU.Build.0 = Release|Any CPU
	EndGlobalSection
	GlobalSection(SolutionProperties) = preSolution
		HideSolutionNode = FALSE
	EndGlobalSection
	GlobalSection(ExtensibilityGlobals) = postSolution
		SolutionGuid = {147DA8E7-76E8-4682-9F69-07C02BB595CE}
	EndGlobalSection
EndGlobal
